github.com/aws/aws-lambda-go v1.41.0 h1:l/5fyVb6Ud9uYd411xdHZzSf2n86TakxzpvIoz7l+3Y=
github.com/aws/aws-lambda-go v1.41.0/go.mod h1:jwFe2KmMsHmffA1X2R09hH6lFzJQxzI8qK17ewzbQMM=
github.com/aws/aws-sdk-go-v2 v1.16.2/go.mod h1:ytwTPBG6fXTZLxxeeCCWj2/EMYp/xDUgX+OET6TLNNU=
github.com/aws/aws-sdk-go-v2 v1.20.1 h1:rZBf5DWr7YGrnlTK4kgDQGn1ltqOg5orCYb/UhOFZkg=
github.com/aws/aws-sdk-go-v2 v1.20.1/go.mod h1:NU06lETsFm8fUC6ZjhgDpVBcGZTFQ6XM+LZWZxMI4ac=
github.com/aws/aws-sdk-go-v2/aws/protocol/eventstream v1.4.12 h1:lN6L3LrYHeZ6xCxaIYtoWCx4GMLk4nRknsh29OMSqHY=
github.com/aws/aws-sdk-go-v2/aws/protocol/eventstream v1.4.12/go.mod h1:TDCkEAkMTXxTs0oLBGBKpBZbk3NLh8EvAfF0Q3x8/0c=
github.com/aws/aws-sdk-go-v2/config v1.15.3 h1:5AlQD0jhVXlGzwo+VORKiUuogkG7pQcLJNzIzK7eodw=
github.com/aws/aws-sdk-go-v2/config v1.15.3/go.mod h1:9YL3v07Xc/ohTsxFXzan9ZpFpdTOFl4X65BAKYaz8jg=
github.com/aws/aws-sdk-go-v2/credentials v1.11.2 h1:RQQ5fzclAKJyY5TvF+fkjJEwzK4hnxQCLOu5JXzDmQo=
github.com/aws/aws-sdk-go-v2/credentials v1.11.2/go.mod h1:j8YsY9TXTm31k4eFhspiQicfXPLZ0gYXA50i4gxPE8g=
github.com/aws/aws-sdk-go-v2/feature/ec2/imds v1.12.3 h1:LWPg5zjHV9oz/myQr4wMs0gi4CjnDN/ILmyZUFYXZsU=
github.com/aws/aws-sdk-go-v2/feature/ec2/imds v1.12.3/go.mod h1:uk1vhHHERfSVCUnqSqz8O48LBYDSC+k6brng09jcMOk=
github.com/aws/aws-sdk-go-v2/internal/configsources v1.1.9/go.mod h1:AnVH5pvai0pAF4lXRq0bmhbes1u9R8wTE+g+183bZNM=
github.com/aws/aws-sdk-go-v2/internal/configsources v1.1.38 h1:c8ed/T9T2K5I+h/JzmF5tpI46+OODQ74dzmdo+QnaMg=
github.com/aws/aws-sdk-go-v2/internal/configsources v1.1.38/go.mod h1:qggunOChCMu9ZF/UkAfhTz25+U2rLVb3ya0Ua6TTfCA=
github.com/aws/aws-sdk-go-v2/internal/endpoints/v2 v2.4.3/go.mod h1:ssOhaLpRlh88H3UmEcsBoVKq309quMvm3Ds8e9d4eJM=
github.com/aws/aws-sdk-go-v2/internal/endpoints/v2 v2.4.32 h1:hNeAAymUY5gu11WrrmFb3CVIp9Dar9hbo44yzzcQpzA=
github.com/aws/aws-sdk-go-v2/internal/endpoints/v2 v2.4.32/go.mod h1:0ZXSqrty4FtQ7p8TEuRde/SZm9X05KT18LAUlR40Ln0=
github.com/aws/aws-sdk-go-v2/internal/ini v1.3.10 h1:by9P+oy3P/CwggN4ClnW2D4oL91QV7pBzBICi1chZvQ=
github.com/aws/aws-sdk-go-v2/internal/ini v1.3.10/go.mod h1:8DcYQcz0+ZJaSxANlHIsbbi6S+zMwjwdDqwW3r9AzaE=
github.com/aws/aws-sdk-go-v2/internal/v4a v1.1.1 h1:vUh7dBFNS3oFCtVv6CiYKh5hP9ls8+kIpKLeFruIBLk=
github.com/aws/aws-sdk-go-v2/internal/v4a v1.1.1/go.mod h1:sFMeinkhj/SZKQM8BxtvNtSPjJEo0Xrz+w3g2e4FSKI=
github.com/aws/aws-sdk-go-v2/service/internal/accept-encoding v1.9.13 h1:iV/W5OMBys+66OeXJi/7xIRrKZNsu0ylsLGu+6nbmQE=
github.com/aws/aws-sdk-go-v2/service/internal/accept-encoding v1.9.13/go.mod h1:ReJb6xYmtGyu9KoFtRreWegbN9dZqvZIIv4vWnhcsyI=
github.com/aws/aws-sdk-go-v2/service/internal/checksum v1.1.33 h1:QviNkc+vGSuEHx8P+pVNKOdWLXBPIwMFv7p0fphgE4U=
github.com/aws/aws-sdk-go-v2/service/internal/checksum v1.1.33/go.mod h1:fABTUmOrAgAalG2i9WJpjBvlnk7UK8YmnYaxN+Q2CwE=
github.com/aws/aws-sdk-go-v2/service/internal/presigned-url v1.9.3/go.mod h1:wlY6SVjuwvh3TVRpTqdy4I1JpBFLX4UGeKZdWntaocw=
github.com/aws/aws-sdk-go-v2/service/internal/presigned-url v1.9.32 h1:dGAseBFEYxth10V23b5e2mAS+tX7oVbfYHD6dnDdAsg=
github.com/aws/aws-sdk-go-v2/service/internal/presigned-url v1.9.32/go.mod h1:4jwAWKEkCR0anWk5+1RbfSg1R5Gzld7NLiuaq5bTR/Y=
github.com/aws/aws-sdk-go-v2/service/internal/s3shared v1.15.1 h1:PT6PBCycRwhpEW5hJnRiceCeoWJ+r3bdgXtV+VKG7Pk=
github.com/aws/aws-sdk-go-v2/service/internal/s3shared v1.15.1/go.mod h1:TqoxCLwT2nrxrBGA+z7t6OWM7LBkgRckK3gOjYE+7JA=
github.com/aws/aws-sdk-go-v2/service/s3 v1.38.2 h1:v346f1h8sUBKXnEbrv43L37MTBlFHyKXQPIZHNAaghA=
github.com/aws/aws-sdk-go-v2/service/s3 v1.38.2/go.mod h1:cwCATiyNrXK9P2FsWdZ89g9mpsYv2rhk0UA/KByl5fY=
github.com/aws/aws-sdk-go-v2/service/securityhub v1.35.3 h1:6LbLUTYSGtWcoNxwhsIsiHFSTaqUGB9L3e5bBZ7o18I=
github.com/aws/aws-sdk-go-v2/service/securityhub v1.35.3/go.mod h1:oj6ZoWaAv+gDA7X3P884MVSabuBAEjCrQeBDlCHy7z4=
github.com/aws/aws-sdk-go-v2/service/sso v1.11.3 h1:frW4ikGcxfAEDfmQqWgMLp+F1n4nRo9sF39OcIb5BkQ=
github.com/aws/aws-sdk-go-v2/service/sso v1.11.3/go.mod h1:7UQ/e69kU7LDPtY40OyoHYgRmgfGM4mgsLYtcObdveU=
github.com/aws/aws-sdk-go-v2/service/sts v1.16.3 h1:cJGRyzCSVwZC7zZZ1xbx9m32UnrKydRYhOvcD1NYP9Q=
github.com/aws/aws-sdk-go-v2/service/sts v1.16.3/go.mod h1:bfBj0iVmsUyUg4weDB4NxktD9rDGeKSVWnjTnwbx9b8=
github.com/aws/smithy-go v1.11.2/go.mod h1:3xHYmszWVx2c0kIwQeEVf9uSm4fYZt67FBJnwub1bgM=
github.com/aws/smithy-go v1.14.1 h1:EFKMUmH/iHMqLiwoEDx2rRjRQpI1YCn5jTysoaDujFs=
github.com/aws/smithy-go v1.14.1/go.mod h1:Tg+OJXh4MB2R/uN61Ko2f6hTZwB/ZYGOtib8J3gBHzA=
github.com/awsdocs/aws-doc-sdk-examples/gov2/testtools v0.0.0-20230811190409-6435dfe132b4 h1:buKEJTYW3/AtDLO4YKZcYTl7zQQlyyD51yVXn7FL4mU=
github.com/awsdocs/aws-doc-sdk-examples/gov2/testtools v0.0.0-20230811190409-6435dfe132b4/go.mod h1:qcs782jWmSQW2exwfKW39rOvOJBZ4xzO8dVLoFF62Sc=
github.com/davecgh/go-spew v1.1.0/go.mod h1:J7Y8YcW2NihsgmVo/mv3lAwl/skON4iLHjSsI+c5H38=
github.com/davecgh/go-spew v1.1.1 h1:vj9j/u1bqnvCEfJOwUhtlOARqs3+rkHYY13jYWTU97c=
github.com/google/go-cmp v0.5.7/go.mod h1:n+brtR0CgQNWTVd5ZUFpTBC8YFBDLK/h/bpaJ8/DtOE=
github.com/google/go-cmp v0.5.8 h1:e6P7q2lk1O+qJJb4BtCQXlK8vWEO8V1ZeuEdJNOqZyg=
github.com/google/go-cmp v0.5.8/go.mod h1:17dUlkBOakJ0+DkrSSNjCkIjxS6bF9zb3elmeNGIjoY=
github.com/jmespath/go-jmespath v0.4.0/go.mod h1:T8mJZnbsbmF+m6zOOFylbeCJqk5+pHWvzYPziyZiYoo=
github.com/jmespath/go-jmespath/internal/testify v1.5.1/go.mod h1:L3OGu8Wl2/fWfCI6z80xFu9LTZmf1ZRjMHUOPmWr69U=
github.com/pmezard/go-difflib v1.0.0 h1:4DBwDE0NGyQoBHbLQYPwSUPoCMWR5BEzIk/f1lZbAQM=
github.com/pmezard/go-difflib v1.0.0/go.mod h1:iKH77koFhYxTK1pcRnkKkqfTogsbg7gZNVY4sRDYZ/4=
github.com/stretchr/objx v0.1.0/go.mod h1:HFkY916IF+rwdDfMAkV7OtwuqBVzrE8GR6GFx+wExME=
github.com/stretchr/testify v1.8.4 h1:CcVxjf3Q8PM0mHUKJCdn+eZZtm5yQwehR5yeSVQQcUk=
github.com/stretchr/testify v1.8.4/go.mod h1:sz/lmYIOXD/1dqDmKjjqLyZ2RngseejIcXlSw2iwfAo=
golang.org/x/xerrors v0.0.0-20191204190536-9bdfabe68543/go.mod h1:I/5z698sn9Ka8TeJc9MKroUUfqBBauWjQqLJ2OPfmY0=
gopkg.in/check.v1 v0.0.0-20161208181325-20d25e280405/go.mod h1:Co6ibVJAznAaIkqp8huTwlJQCZ016jof/cbN4VW5Yz0=
gopkg.in/yaml.v2 v2.2.8/go.mod h1:hI93XBmqTisBFMUTm0b8Fm+jr3Dg1NNxqwp+5A1VGuI=
gopkg.in/yaml.v3 v3.0.1 h1:fxVm/GzAzEWqLHuvctI91KS9hhNmmWOoWu0XTYJS7CA=
